// !$*UTF8*$!
{
	archiveVersion = 1;
	classes = {
	};
	objectVersion = 77;
	objects = {

/* Begin PBXBuildFile section */
		08A4F2D24491CAB1EC62FEE4 /* InputManager.swift in Sources */ = {isa = PBXBuildFile; fileRef = 2E497A05CCBBB5104AE78C89 /* InputManager.swift */; };
		0B4FCB4B7C785F28DAE26095 /* Game.swift in Sources */ = {isa = PBXBuildFile; fileRef = 0B03D7811A986AC9BCEA0857 /* Game.swift */; };
		1027D90E4555638CD84DB32F /* Assets.xcassets in Resources */ = {isa = PBXBuildFile; fileRef = EDCA5206006B26B0CEF605C6 /* Assets.xcassets */; };
		13AB44D56002EBFB6721AECB /* PauseMenuView.swift in Sources */ = {isa = PBXBuildFile; fileRef = 8B2C73D12E3B975B46D2D0F9 /* PauseMenuView.swift */; };
		1AF156439F1D494C462B4E3B /* InputManagerTests.swift in Sources */ = {isa = PBXBuildFile; fileRef = 989753014080CF7B7BF0D68F /* InputManagerTests.swift */; };
		2B29160C42204AC18562847B /* SaveStateManager.swift in Sources */ = {isa = PBXBuildFile; fileRef = 240F46857BA36244B16C3E20 /* SaveStateManager.swift */; };
		339E00BE2EE81C5E76B0B27B /* VideoRenderer.swift in Sources */ = {isa = PBXBuildFile; fileRef = 64015C67DC2BFBA600E21AEF /* VideoRenderer.swift */; };
		416CAD9B3AA78B666FEB6009 /* EmulatorCore.swift in Sources */ = {isa = PBXBuildFile; fileRef = 7507FB52741FB7699B3B488C /* EmulatorCore.swift */; };
		49ED105BD922C58366663EA8 /* ControllerOverlay.swift in Sources */ = {isa = PBXBuildFile; fileRef = 0071B562C74CC4A4F1FB5653 /* ControllerOverlay.swift */; };
		585350A4E491DD7FA483BE30 /* RingBuffer.swift in Sources */ = {isa = PBXBuildFile; fileRef = D0D72229068990A29EACE8B2 /* RingBuffer.swift */; };
		58CCF00289BBF8E7A6DFA5A7 /* StorageService.swift in Sources */ = {isa = PBXBuildFile; fileRef = 5064C4522776A25D7908184C /* StorageService.swift */; };
		695F8B51A49A12B08F854096 /* SettingsView.swift in Sources */ = {isa = PBXBuildFile; fileRef = C348B570AC1989E16FF2F1C6 /* SettingsView.swift */; };
		737208D13BB058B532EAA415 /* LibraryView.swift in Sources */ = {isa = PBXBuildFile; fileRef = 7AD44FAEBFB80C16DD130B71 /* LibraryView.swift */; };
		83A917CA92E3A12AAFC20E6B /* GamePlayView.swift in Sources */ = {isa = PBXBuildFile; fileRef = CE106A6CC0247209706D2765 /* GamePlayView.swift */; };
		90CF8CB5695A86D85A199424 /* EmulatorBridgeTests.swift in Sources */ = {isa = PBXBuildFile; fileRef = ABCEE9F21B8012A1F1FF5EEE /* EmulatorBridgeTests.swift */; };
		9A099FDC8D94AAC97E16A05D /* Shaders.metal in Sources */ = {isa = PBXBuildFile; fileRef = 75B22445380C8BE8802062FB /* Shaders.metal */; };
		A010685FAC46525994E28235 /* MetalView.swift in Sources */ = {isa = PBXBuildFile; fileRef = B86D3206A70D5CE551FC497E /* MetalView.swift */; };
		A3B9CEE9DA3CB749BC851F3A /* HapticsService.swift in Sources */ = {isa = PBXBuildFile; fileRef = 7B7DB02AF3D2CBABC90564C2 /* HapticsService.swift */; };
		A748F325731C6762CDC9F970 /* GBAEmulatorApp.swift in Sources */ = {isa = PBXBuildFile; fileRef = 1F6D56BE5C4E5FE45F031778 /* GBAEmulatorApp.swift */; };
		A9FB3CE969B084F0FFCDC6ED /* AudioEngine.swift in Sources */ = {isa = PBXBuildFile; fileRef = 9DC6E977C1EC3049DB6EBAB9 /* AudioEngine.swift */; };
		AAC0E7A377959DD5F0DEF94E /* EmulatorBridge.c in Sources */ = {isa = PBXBuildFile; fileRef = 9C0FB7DB8EE8B6A75299C201 /* EmulatorBridge.c */; };
		B08201FEF302035677B15471 /* AppSettings.swift in Sources */ = {isa = PBXBuildFile; fileRef = 231CF871F7FBBEA06DC915A6 /* AppSettings.swift */; };
		E9779A6069D05BB77AFE2EC3 /* RingBufferTests.swift in Sources */ = {isa = PBXBuildFile; fileRef = 10BE26B9C7D04A7DB507BCAB /* RingBufferTests.swift */; };
		FEA07BC1553394F924D75930 /* FastForwardTests.swift in Sources */ = {isa = PBXBuildFile; fileRef = 855A3B8286E7175191E8ED44 /* FastForwardTests.swift */; };
/* End PBXBuildFile section */

/* Begin PBXContainerItemProxy section */
		810B65BE87CCE876D5B30164 /* PBXContainerItemProxy */ = {
			isa = PBXContainerItemProxy;
			containerPortal = 1029434107E567F0686A98DB /* Project object */;
			proxyType = 1;
			remoteGlobalIDString = 38EA2BCCB77D0FB726A728FE;
			remoteInfo = GBAEmulator;
		};
/* End PBXContainerItemProxy section */

/* Begin PBXFileReference section */
		0071B562C74CC4A4F1FB5653 /* ControllerOverlay.swift */ = {isa = PBXFileReference; lastKnownFileType = sourcecode.swift; path = ControllerOverlay.swift; sourceTree = "<group>"; };
		037268E6C2186DCA443318BA /* GBAEmulator.app */ = {isa = PBXFileReference; includeInIndex = 0; lastKnownFileType = wrapper.application; path = GBAEmulator.app; sourceTree = BUILT_PRODUCTS_DIR; };
		0B03D7811A986AC9BCEA0857 /* Game.swift */ = {isa = PBXFileReference; lastKnownFileType = sourcecode.swift; path = Game.swift; sourceTree = "<group>"; };
		10BE26B9C7D04A7DB507BCAB /* RingBufferTests.swift */ = {isa = PBXFileReference; lastKnownFileType = sourcecode.swift; path = RingBufferTests.swift; sourceTree = "<group>"; };
		1F6D56BE5C4E5FE45F031778 /* GBAEmulatorApp.swift */ = {isa = PBXFileReference; lastKnownFileType = sourcecode.swift; path = GBAEmulatorApp.swift; sourceTree = "<group>"; };
		231CF871F7FBBEA06DC915A6 /* AppSettings.swift */ = {isa = PBXFileReference; lastKnownFileType = sourcecode.swift; path = AppSettings.swift; sourceTree = "<group>"; };
		240F46857BA36244B16C3E20 /* SaveStateManager.swift */ = {isa = PBXFileReference; lastKnownFileType = sourcecode.swift; path = SaveStateManager.swift; sourceTree = "<group>"; };
		2E497A05CCBBB5104AE78C89 /* InputManager.swift */ = {isa = PBXFileReference; lastKnownFileType = sourcecode.swift; path = InputManager.swift; sourceTree = "<group>"; };
		5064C4522776A25D7908184C /* StorageService.swift */ = {isa = PBXFileReference; lastKnownFileType = sourcecode.swift; path = StorageService.swift; sourceTree = "<group>"; };
		64015C67DC2BFBA600E21AEF /* VideoRenderer.swift */ = {isa = PBXFileReference; lastKnownFileType = sourcecode.swift; path = VideoRenderer.swift; sourceTree = "<group>"; };
		723033B3424A0CFBA09D7703 /* EmulatorBridge.h */ = {isa = PBXFileReference; lastKnownFileType = sourcecode.c.h; path = EmulatorBridge.h; sourceTree = "<group>"; };
		7507FB52741FB7699B3B488C /* EmulatorCore.swift */ = {isa = PBXFileReference; lastKnownFileType = sourcecode.swift; path = EmulatorCore.swift; sourceTree = "<group>"; };
		75B22445380C8BE8802062FB /* Shaders.metal */ = {isa = PBXFileReference; lastKnownFileType = sourcecode.metal; path = Shaders.metal; sourceTree = "<group>"; };
		7AD44FAEBFB80C16DD130B71 /* LibraryView.swift */ = {isa = PBXFileReference; lastKnownFileType = sourcecode.swift; path = LibraryView.swift; sourceTree = "<group>"; };
		7B7DB02AF3D2CBABC90564C2 /* HapticsService.swift */ = {isa = PBXFileReference; lastKnownFileType = sourcecode.swift; path = HapticsService.swift; sourceTree = "<group>"; };
		855A3B8286E7175191E8ED44 /* FastForwardTests.swift */ = {isa = PBXFileReference; lastKnownFileType = sourcecode.swift; path = FastForwardTests.swift; sourceTree = "<group>"; };
		884BE84556C3FD72401736B5 /* GBAEmulatorTests.xctest */ = {isa = PBXFileReference; includeInIndex = 0; lastKnownFileType = wrapper.cfbundle; path = GBAEmulatorTests.xctest; sourceTree = BUILT_PRODUCTS_DIR; };
		8B2C73D12E3B975B46D2D0F9 /* PauseMenuView.swift */ = {isa = PBXFileReference; lastKnownFileType = sourcecode.swift; path = PauseMenuView.swift; sourceTree = "<group>"; };
		8BED1478F9B9CFBEC8617A86 /* GBAEmulator-Bridging-Header.h */ = {isa = PBXFileReference; lastKnownFileType = sourcecode.c.h; path = "GBAEmulator-Bridging-Header.h"; sourceTree = "<group>"; };
		989753014080CF7B7BF0D68F /* InputManagerTests.swift */ = {isa = PBXFileReference; lastKnownFileType = sourcecode.swift; path = InputManagerTests.swift; sourceTree = "<group>"; };
		9C0FB7DB8EE8B6A75299C201 /* EmulatorBridge.c */ = {isa = PBXFileReference; lastKnownFileType = sourcecode.c.c; path = EmulatorBridge.c; sourceTree = "<group>"; };
		9DC6E977C1EC3049DB6EBAB9 /* AudioEngine.swift */ = {isa = PBXFileReference; lastKnownFileType = sourcecode.swift; path = AudioEngine.swift; sourceTree = "<group>"; };
		ABCEE9F21B8012A1F1FF5EEE /* EmulatorBridgeTests.swift */ = {isa = PBXFileReference; lastKnownFileType = sourcecode.swift; path = EmulatorBridgeTests.swift; sourceTree = "<group>"; };
		B86D3206A70D5CE551FC497E /* MetalView.swift */ = {isa = PBXFileReference; lastKnownFileType = sourcecode.swift; path = MetalView.swift; sourceTree = "<group>"; };
		C348B570AC1989E16FF2F1C6 /* SettingsView.swift */ = {isa = PBXFileReference; lastKnownFileType = sourcecode.swift; path = SettingsView.swift; sourceTree = "<group>"; };
		CE106A6CC0247209706D2765 /* GamePlayView.swift */ = {isa = PBXFileReference; lastKnownFileType = sourcecode.swift; path = GamePlayView.swift; sourceTree = "<group>"; };
		D0D72229068990A29EACE8B2 /* RingBuffer.swift */ = {isa = PBXFileReference; lastKnownFileType = sourcecode.swift; path = RingBuffer.swift; sourceTree = "<group>"; };
		EDCA5206006B26B0CEF605C6 /* Assets.xcassets */ = {isa = PBXFileReference; lastKnownFileType = folder.assetcatalog; path = Assets.xcassets; sourceTree = "<group>"; };
/* End PBXFileReference section */

/* Begin PBXGroup section */
		18F5F44DCF8A47DF2E1261FA /* Features */ = {
			isa = PBXGroup;
			children = (
				63776CA2DD352C46A4DC6CA0 /* GamePlay */,
				304FB671678E279A4D409FA0 /* Library */,
				5D6C7E87F6CF2F7F656F0551 /* Settings */,
			);
			path = Features;
			sourceTree = "<group>";
		};
		26185E112BA409ADAFE349F7 /* Core */ = {
			isa = PBXGroup;
			children = (
				EA304B56816209D02A5A10C2 /* Emulator */,
				D25942E58785AB19543DC16D /* Input */,
				78F8D3744C185100B2B3D54E /* SaveState */,
			);
			path = Core;
			sourceTree = "<group>";
		};
		304FB671678E279A4D409FA0 /* Library */ = {
			isa = PBXGroup;
			children = (
				7AD44FAEBFB80C16DD130B71 /* LibraryView.swift */,
			);
			path = Library;
			sourceTree = "<group>";
		};
		32A88F4F96B1303F6439070F /* GBAEmulatorTests */ = {
			isa = PBXGroup;
			children = (
				ABCEE9F21B8012A1F1FF5EEE /* EmulatorBridgeTests.swift */,
				855A3B8286E7175191E8ED44 /* FastForwardTests.swift */,
				989753014080CF7B7BF0D68F /* InputManagerTests.swift */,
				10BE26B9C7D04A7DB507BCAB /* RingBufferTests.swift */,
			);
			path = GBAEmulatorTests;
			sourceTree = "<group>";
		};
		43F0F16FB252EB48992EA4DE /* Products */ = {
			isa = PBXGroup;
			children = (
				037268E6C2186DCA443318BA /* GBAEmulator.app */,
				884BE84556C3FD72401736B5 /* GBAEmulatorTests.xctest */,
			);
			name = Products;
			sourceTree = "<group>";
		};
		5D6C7E87F6CF2F7F656F0551 /* Settings */ = {
			isa = PBXGroup;
			children = (
				C348B570AC1989E16FF2F1C6 /* SettingsView.swift */,
			);
			path = Settings;
			sourceTree = "<group>";
		};
		5EE43965CE989FC686531224 /* GBAEmulator */ = {
			isa = PBXGroup;
			children = (
				1F6D56BE5C4E5FE45F031778 /* GBAEmulatorApp.swift */,
				26185E112BA409ADAFE349F7 /* Core */,
				18F5F44DCF8A47DF2E1261FA /* Features */,
				DF6F2EC677304C28F81B1C7E /* Models */,
				8F90F1D648BD126AED863D62 /* Resources */,
				E1CF8FF74C0A449F40B6EEBC /* Services */,
			);
			path = GBAEmulator;
			sourceTree = "<group>";
		};
		63776CA2DD352C46A4DC6CA0 /* GamePlay */ = {
			isa = PBXGroup;
			children = (
				0071B562C74CC4A4F1FB5653 /* ControllerOverlay.swift */,
				CE106A6CC0247209706D2765 /* GamePlayView.swift */,
				8B2C73D12E3B975B46D2D0F9 /* PauseMenuView.swift */,
			);
			path = GamePlay;
			sourceTree = "<group>";
		};
		78F8D3744C185100B2B3D54E /* SaveState */ = {
			isa = PBXGroup;
			children = (
				240F46857BA36244B16C3E20 /* SaveStateManager.swift */,
			);
			path = SaveState;
			sourceTree = "<group>";
		};
		8F90F1D648BD126AED863D62 /* Resources */ = {
			isa = PBXGroup;
			children = (
				EDCA5206006B26B0CEF605C6 /* Assets.xcassets */,
			);
			path = Resources;
			sourceTree = "<group>";
		};
		B4B6278DB11DBAD39D5804F7 = {
			isa = PBXGroup;
			children = (
				5EE43965CE989FC686531224 /* GBAEmulator */,
				32A88F4F96B1303F6439070F /* GBAEmulatorTests */,
				43F0F16FB252EB48992EA4DE /* Products */,
			);
			sourceTree = "<group>";
		};
		D25942E58785AB19543DC16D /* Input */ = {
			isa = PBXGroup;
			children = (
				2E497A05CCBBB5104AE78C89 /* InputManager.swift */,
			);
			path = Input;
			sourceTree = "<group>";
		};
		DF6F2EC677304C28F81B1C7E /* Models */ = {
			isa = PBXGroup;
			children = (
				231CF871F7FBBEA06DC915A6 /* AppSettings.swift */,
				0B03D7811A986AC9BCEA0857 /* Game.swift */,
			);
			path = Models;
			sourceTree = "<group>";
		};
		E1CF8FF74C0A449F40B6EEBC /* Services */ = {
			isa = PBXGroup;
			children = (
				7B7DB02AF3D2CBABC90564C2 /* HapticsService.swift */,
				5064C4522776A25D7908184C /* StorageService.swift */,
			);
			path = Services;
			sourceTree = "<group>";
		};
		EA304B56816209D02A5A10C2 /* Emulator */ = {
			isa = PBXGroup;
			children = (
				9DC6E977C1EC3049DB6EBAB9 /* AudioEngine.swift */,
				9C0FB7DB8EE8B6A75299C201 /* EmulatorBridge.c */,
				723033B3424A0CFBA09D7703 /* EmulatorBridge.h */,
				7507FB52741FB7699B3B488C /* EmulatorCore.swift */,
				8BED1478F9B9CFBEC8617A86 /* GBAEmulator-Bridging-Header.h */,
				B86D3206A70D5CE551FC497E /* MetalView.swift */,
				D0D72229068990A29EACE8B2 /* RingBuffer.swift */,
				75B22445380C8BE8802062FB /* Shaders.metal */,
				64015C67DC2BFBA600E21AEF /* VideoRenderer.swift */,
			);
			path = Emulator;
			sourceTree = "<group>";
		};
/* End PBXGroup section */

/* Begin PBXNativeTarget section */
		38EA2BCCB77D0FB726A728FE /* GBAEmulator */ = {
			isa = PBXNativeTarget;
			buildConfigurationList = 162A7CA25DA0BAFA2AEF6C18 /* Build configuration list for PBXNativeTarget "GBAEmulator" */;
			buildPhases = (
				6A02A0878A976060D569DF64 /* Build mGBA */,
				3655747021D72E3F5EAC4561 /* Sources */,
				8A89E2B6CFA3A451C1744016 /* Resources */,
			);
			buildRules = (
			);
			dependencies = (
			);
			name = GBAEmulator;
			packageProductDependencies = (
			);
			productName = GBAEmulator;
			productReference = 037268E6C2186DCA443318BA /* GBAEmulator.app */;
			productType = "com.apple.product-type.application";
		};
		4442844C9647A7E7DE725582 /* GBAEmulatorTests */ = {
			isa = PBXNativeTarget;
			buildConfigurationList = 684F35C2A981EFC09B3A1FB0 /* Build configuration list for PBXNativeTarget "GBAEmulatorTests" */;
			buildPhases = (
				ACECE61E6392C32D158EAE30 /* Sources */,
			);
			buildRules = (
			);
			dependencies = (
				E240C545E01C01F2F2634989 /* PBXTargetDependency */,
			);
			name = GBAEmulatorTests;
			packageProductDependencies = (
			);
			productName = GBAEmulatorTests;
			productReference = 884BE84556C3FD72401736B5 /* GBAEmulatorTests.xctest */;
			productType = "com.apple.product-type.bundle.unit-test";
		};
/* End PBXNativeTarget section */

/* Begin PBXProject section */
		1029434107E567F0686A98DB /* Project object */ = {
			isa = PBXProject;
			attributes = {
				BuildIndependentTargetsInParallel = YES;
				LastUpgradeCheck = 1500;
				TargetAttributes = {
					38EA2BCCB77D0FB726A728FE = {
						DevelopmentTeam = "";
					};
					4442844C9647A7E7DE725582 = {
						DevelopmentTeam = "";
					};
				};
			};
			buildConfigurationList = 799631CB41B4F4CC46CD78AA /* Build configuration list for PBXProject "GBAEmulator" */;
			developmentRegion = "zh-Hans";
			hasScannedForEncodings = 0;
			knownRegions = (
				Base,
				"zh-Hans",
			);
			mainGroup = B4B6278DB11DBAD39D5804F7;
			minimizedProjectReferenceProxies = 1;
			preferredProjectObjectVersion = 77;
			productRefGroup = 43F0F16FB252EB48992EA4DE /* Products */;
			projectDirPath = "";
			projectRoot = "";
			targets = (
				38EA2BCCB77D0FB726A728FE /* GBAEmulator */,
				4442844C9647A7E7DE725582 /* GBAEmulatorTests */,
			);
		};
/* End PBXProject section */

/* Begin PBXResourcesBuildPhase section */
		8A89E2B6CFA3A451C1744016 /* Resources */ = {
			isa = PBXResourcesBuildPhase;
			buildActionMask = 2147483647;
			files = (
				1027D90E4555638CD84DB32F /* Assets.xcassets in Resources */,
			);
			runOnlyForDeploymentPostprocessing = 0;
		};
/* End PBXResourcesBuildPhase section */

/* Begin PBXShellScriptBuildPhase section */
		6A02A0878A976060D569DF64 /* Build mGBA */ = {
			isa = PBXShellScriptBuildPhase;
			alwaysOutOfDate = 1;
			buildActionMask = 2147483647;
			files = (
			);
			inputFileListPaths = (
			);
			inputPaths = (
			);
			name = "Build mGBA";
			outputFileListPaths = (
			);
			outputPaths = (
			);
			runOnlyForDeploymentPostprocessing = 0;
			shellPath = /bin/sh;
			shellScript = "if [ ! -f \"${PROJECT_DIR}/GBAEmulator/mGBA/lib/${PLATFORM_NAME}/libmgba.a\" ]; then\n  echo \"Building mGBA...\"\n  bash \"${PROJECT_DIR}/GBAEmulator/mGBA/build-ios.sh\"\nfi\n";
		};
/* End PBXShellScriptBuildPhase section */

/* Begin PBXSourcesBuildPhase section */
		3655747021D72E3F5EAC4561 /* Sources */ = {
			isa = PBXSourcesBuildPhase;
			buildActionMask = 2147483647;
			files = (
				B08201FEF302035677B15471 /* AppSettings.swift in Sources */,
				A9FB3CE969B084F0FFCDC6ED /* AudioEngine.swift in Sources */,
				49ED105BD922C58366663EA8 /* ControllerOverlay.swift in Sources */,
				AAC0E7A377959DD5F0DEF94E /* EmulatorBridge.c in Sources */,
				416CAD9B3AA78B666FEB6009 /* EmulatorCore.swift in Sources */,
				A748F325731C6762CDC9F970 /* GBAEmulatorApp.swift in Sources */,
				0B4FCB4B7C785F28DAE26095 /* Game.swift in Sources */,
				83A917CA92E3A12AAFC20E6B /* GamePlayView.swift in Sources */,
				A3B9CEE9DA3CB749BC851F3A /* HapticsService.swift in Sources */,
				08A4F2D24491CAB1EC62FEE4 /* InputManager.swift in Sources */,
				737208D13BB058B532EAA415 /* LibraryView.swift in Sources */,
				A010685FAC46525994E28235 /* MetalView.swift in Sources */,
				13AB44D56002EBFB6721AECB /* PauseMenuView.swift in Sources */,
				585350A4E491DD7FA483BE30 /* RingBuffer.swift in Sources */,
				2B29160C42204AC18562847B /* SaveStateManager.swift in Sources */,
				695F8B51A49A12B08F854096 /* SettingsView.swift in Sources */,
				9A099FDC8D94AAC97E16A05D /* Shaders.metal in Sources */,
				58CCF00289BBF8E7A6DFA5A7 /* StorageService.swift in Sources */,
				339E00BE2EE81C5E76B0B27B /* VideoRenderer.swift in Sources */,
			);
			runOnlyForDeploymentPostprocessing = 0;
		};
		ACECE61E6392C32D158EAE30 /* Sources */ = {
			isa = PBXSourcesBuildPhase;
			buildActionMask = 2147483647;
			files = (
				90CF8CB5695A86D85A199424 /* EmulatorBridgeTests.swift in Sources */,
				FEA07BC1553394F924D75930 /* FastForwardTests.swift in Sources */,
				1AF156439F1D494C462B4E3B /* InputManagerTests.swift in Sources */,
				E9779A6069D05BB77AFE2EC3 /* RingBufferTests.swift in Sources */,
			);
			runOnlyForDeploymentPostprocessing = 0;
		};
/* End PBXSourcesBuildPhase section */

/* Begin PBXTargetDependency section */
		E240C545E01C01F2F2634989 /* PBXTargetDependency */ = {
			isa = PBXTargetDependency;
			target = 38EA2BCCB77D0FB726A728FE /* GBAEmulator */;
			targetProxy = 810B65BE87CCE876D5B30164 /* PBXContainerItemProxy */;
		};
/* End PBXTargetDependency section */

/* Begin XCBuildConfiguration section */
		044A5F2AD9F8990FF8B167B1 /* Release */ = {
			isa = XCBuildConfiguration;
			buildSettings = {
				ASSETCATALOG_COMPILER_APPICON_NAME = AppIcon;
				CODE_SIGN_IDENTITY = "iPhone Developer";
				INFOPLIST_FILE = GBAEmulator/Info.plist;
				LD_RUNPATH_SEARCH_PATHS = (
					"$(inherited)",
					"@executable_path/Frameworks",
				);
				PRODUCT_BUNDLE_IDENTIFIER = com.gbaemulator.app;
				SDKROOT = iphoneos;
				SUPPORTED_PLATFORMS = "iphoneos iphonesimulator";
				SUPPORTS_MAC_DESIGNED_FOR_IPHONE_IPAD = YES;
				TARGETED_DEVICE_FAMILY = "1,2";
			};
			name = Release;
		};
		5FAA68FF830A7D236E71A5BB /* Debug */ = {
			isa = XCBuildConfiguration;
			buildSettings = {
				ASSETCATALOG_COMPILER_APPICON_NAME = AppIcon;
				CODE_SIGN_IDENTITY = "iPhone Developer";
				INFOPLIST_FILE = GBAEmulator/Info.plist;
				LD_RUNPATH_SEARCH_PATHS = (
					"$(inherited)",
					"@executable_path/Frameworks",
				);
				PRODUCT_BUNDLE_IDENTIFIER = com.gbaemulator.app;
				SDKROOT = iphoneos;
				SUPPORTED_PLATFORMS = "iphoneos iphonesimulator";
				SUPPORTS_MAC_DESIGNED_FOR_IPHONE_IPAD = YES;
				TARGETED_DEVICE_FAMILY = "1,2";
			};
			name = Debug;
		};
		A63F33E9E6BAE4E7BAEC7500 /* Release */ = {
			isa = XCBuildConfiguration;
			buildSettings = {
				ALWAYS_SEARCH_USER_PATHS = NO;
				CLANG_ANALYZER_NONNULL = YES;
				CLANG_ANALYZER_NUMBER_OBJECT_CONVERSION = YES_AGGRESSIVE;
				CLANG_CXX_LANGUAGE_STANDARD = "gnu++14";
				CLANG_CXX_LIBRARY = "libc++";
				CLANG_ENABLE_MODULES = YES;
				CLANG_ENABLE_OBJC_ARC = YES;
				CLANG_ENABLE_OBJC_WEAK = YES;
				CLANG_WARN_BLOCK_CAPTURE_AUTORELEASING = YES;
				CLANG_WARN_BOOL_CONVERSION = YES;
				CLANG_WARN_COMMA = YES;
				CLANG_WARN_CONSTANT_CONVERSION = YES;
				CLANG_WARN_DEPRECATED_OBJC_IMPLEMENTATIONS = YES;
				CLANG_WARN_DIRECT_OBJC_ISA_USAGE = YES_ERROR;
				CLANG_WARN_DOCUMENTATION_COMMENTS = YES;
				CLANG_WARN_EMPTY_BODY = YES;
				CLANG_WARN_ENUM_CONVERSION = YES;
				CLANG_WARN_INFINITE_RECURSION = YES;
				CLANG_WARN_INT_CONVERSION = YES;
				CLANG_WARN_NON_LITERAL_NULL_CONVERSION = YES;
				CLANG_WARN_OBJC_IMPLICIT_RETAIN_SELF = YES;
				CLANG_WARN_OBJC_LITERAL_CONVERSION = YES;
				CLANG_WARN_OBJC_ROOT_CLASS = YES_ERROR;
				CLANG_WARN_QUOTED_INCLUDE_IN_FRAMEWORK_HEADER = YES;
				CLANG_WARN_RANGE_LOOP_ANALYSIS = YES;
				CLANG_WARN_STRICT_PROTOTYPES = YES;
				CLANG_WARN_SUSPICIOUS_MOVE = YES;
				CLANG_WARN_UNGUARDED_AVAILABILITY = YES_AGGRESSIVE;
				CLANG_WARN_UNREACHABLE_CODE = YES;
				CLANG_WARN__DUPLICATE_METHOD_MATCH = YES;
				CODE_SIGN_IDENTITY = "Apple Development";
				COPY_PHASE_STRIP = NO;
				CURRENT_PROJECT_VERSION = 1;
				DEBUG_INFORMATION_FORMAT = "dwarf-with-dsym";
				DEVELOPMENT_TEAM = "";
				ENABLE_NS_ASSERTIONS = NO;
				ENABLE_STRICT_OBJC_MSGSEND = YES;
				GCC_C_LANGUAGE_STANDARD = gnu11;
				GCC_NO_COMMON_BLOCKS = YES;
				GCC_WARN_64_TO_32_BIT_CONVERSION = YES;
				GCC_WARN_ABOUT_RETURN_TYPE = YES_ERROR;
				GCC_WARN_UNDECLARED_SELECTOR = YES;
				GCC_WARN_UNINITIALIZED_AUTOS = YES_AGGRESSIVE;
				GCC_WARN_UNUSED_FUNCTION = YES;
				GCC_WARN_UNUSED_VARIABLE = YES;
				HEADER_SEARCH_PATHS = (
					"$(PROJECT_DIR)/GBAEmulator/mGBA/include",
				);
				IPHONEOS_DEPLOYMENT_TARGET = 17.0;
				LIBRARY_SEARCH_PATHS = (
					"$(PROJECT_DIR)/GBAEmulator/mGBA/lib/$(PLATFORM_NAME)",
				);
				MARKETING_VERSION = 1.0.0;
				MTL_ENABLE_DEBUG_INFO = NO;
				MTL_FAST_MATH = YES;
				OTHER_LDFLAGS = (
					"-lmgba",
					"-lz",
				);
				PRODUCT_NAME = "$(TARGET_NAME)";
				SDKROOT = iphoneos;
				SWIFT_COMPILATION_MODE = wholemodule;
				SWIFT_OBJC_BRIDGING_HEADER = "GBAEmulator/Core/Emulator/GBAEmulator-Bridging-Header.h";
				SWIFT_OPTIMIZATION_LEVEL = "-O";
				SWIFT_VERSION = 5.9;
			};
			name = Release;
		};
		AC4221893217BCEBA1683D46 /* Release */ = {
			isa = XCBuildConfiguration;
			buildSettings = {
				BUNDLE_LOADER = "$(TEST_HOST)";
				GENERATE_INFOPLIST_FILE = YES;
				LD_RUNPATH_SEARCH_PATHS = (
					"$(inherited)",
					"@executable_path/Frameworks",
					"@loader_path/Frameworks",
				);
				PRODUCT_BUNDLE_IDENTIFIER = com.gbaemulator.tests;
				SDKROOT = iphoneos;
				TARGETED_DEVICE_FAMILY = "1,2";
				TEST_HOST = "$(BUILT_PRODUCTS_DIR)/GBAEmulator.app/GBAEmulator";
			};
			name = Release;
		};
		B3A0BD03173060F1C357C85D /* Debug */ = {
			isa = XCBuildConfiguration;
			buildSettings = {
				BUNDLE_LOADER = "$(TEST_HOST)";
				GENERATE_INFOPLIST_FILE = YES;
				LD_RUNPATH_SEARCH_PATHS = (
					"$(inherited)",
					"@executable_path/Frameworks",
					"@loader_path/Frameworks",
				);
				PRODUCT_BUNDLE_IDENTIFIER = com.gbaemulator.tests;
				SDKROOT = iphoneos;
				TARGETED_DEVICE_FAMILY = "1,2";
				TEST_HOST = "$(BUILT_PRODUCTS_DIR)/GBAEmulator.app/GBAEmulator";
			};
			name = Debug;
		};
		D4DA20391519DFC3CE4C37B5 /* Debug */ = {
			isa = XCBuildConfiguration;
			buildSettings = {
				ALWAYS_SEARCH_USER_PATHS = NO;
				CLANG_ANALYZER_NONNULL = YES;
				CLANG_ANALYZER_NUMBER_OBJECT_CONVERSION = YES_AGGRESSIVE;
				CLANG_CXX_LANGUAGE_STANDARD = "gnu++14";
				CLANG_CXX_LIBRARY = "libc++";
				CLANG_ENABLE_MODULES = YES;
				CLANG_ENABLE_OBJC_ARC = YES;
				CLANG_ENABLE_OBJC_WEAK = YES;
				CLANG_WARN_BLOCK_CAPTURE_AUTORELEASING = YES;
				CLANG_WARN_BOOL_CONVERSION = YES;
				CLANG_WARN_COMMA = YES;
				CLANG_WARN_CONSTANT_CONVERSION = YES;
				CLANG_WARN_DEPRECATED_OBJC_IMPLEMENTATIONS = YES;
				CLANG_WARN_DIRECT_OBJC_ISA_USAGE = YES_ERROR;
				CLANG_WARN_DOCUMENTATION_COMMENTS = YES;
				CLANG_WARN_EMPTY_BODY = YES;
				CLANG_WARN_ENUM_CONVERSION = YES;
				CLANG_WARN_INFINITE_RECURSION = YES;
				CLANG_WARN_INT_CONVERSION = YES;
				CLANG_WARN_NON_LITERAL_NULL_CONVERSION = YES;
				CLANG_WARN_OBJC_IMPLICIT_RETAIN_SELF = YES;
				CLANG_WARN_OBJC_LITERAL_CONVERSION = YES;
				CLANG_WARN_OBJC_ROOT_CLASS = YES_ERROR;
				CLANG_WARN_QUOTED_INCLUDE_IN_FRAMEWORK_HEADER = YES;
				CLANG_WARN_RANGE_LOOP_ANALYSIS = YES;
				CLANG_WARN_STRICT_PROTOTYPES = YES;
				CLANG_WARN_SUSPICIOUS_MOVE = YES;
				CLANG_WARN_UNGUARDED_AVAILABILITY = YES_AGGRESSIVE;
				CLANG_WARN_UNREACHABLE_CODE = YES;
				CLANG_WARN__DUPLICATE_METHOD_MATCH = YES;
				CODE_SIGN_IDENTITY = "Apple Development";
				COPY_PHASE_STRIP = NO;
				CURRENT_PROJECT_VERSION = 1;
				DEBUG_INFORMATION_FORMAT = dwarf;
				DEVELOPMENT_TEAM = "";
				ENABLE_STRICT_OBJC_MSGSEND = YES;
				ENABLE_TESTABILITY = YES;
				GCC_C_LANGUAGE_STANDARD = gnu11;
				GCC_DYNAMIC_NO_PIC = NO;
				GCC_NO_COMMON_BLOCKS = YES;
				GCC_OPTIMIZATION_LEVEL = 0;
				GCC_PREPROCESSOR_DEFINITIONS = (
					"$(inherited)",
					"DEBUG=1",
				);
				GCC_WARN_64_TO_32_BIT_CONVERSION = YES;
				GCC_WARN_ABOUT_RETURN_TYPE = YES_ERROR;
				GCC_WARN_UNDECLARED_SELECTOR = YES;
				GCC_WARN_UNINITIALIZED_AUTOS = YES_AGGRESSIVE;
				GCC_WARN_UNUSED_FUNCTION = YES;
				GCC_WARN_UNUSED_VARIABLE = YES;
				HEADER_SEARCH_PATHS = (
					"$(PROJECT_DIR)/GBAEmulator/mGBA/include",
				);
				IPHONEOS_DEPLOYMENT_TARGET = 17.0;
				LIBRARY_SEARCH_PATHS = (
					"$(PROJECT_DIR)/GBAEmulator/mGBA/lib/$(PLATFORM_NAME)",
				);
				MARKETING_VERSION = 1.0.0;
				MTL_ENABLE_DEBUG_INFO = INCLUDE_SOURCE;
				MTL_FAST_MATH = YES;
				ONLY_ACTIVE_ARCH = YES;
				OTHER_LDFLAGS = (
					"-lmgba",
					"-lz",
				);
				PRODUCT_NAME = "$(TARGET_NAME)";
				SDKROOT = iphoneos;
				SWIFT_ACTIVE_COMPILATION_CONDITIONS = DEBUG;
				SWIFT_OBJC_BRIDGING_HEADER = "GBAEmulator/Core/Emulator/GBAEmulator-Bridging-Header.h";
				SWIFT_OPTIMIZATION_LEVEL = "-Onone";
				SWIFT_VERSION = 5.9;
			};
			name = Debug;
		};
/* End XCBuildConfiguration section */

/* Begin XCConfigurationList section */
		162A7CA25DA0BAFA2AEF6C18 /* Build configuration list for PBXNativeTarget "GBAEmulator" */ = {
			isa = XCConfigurationList;
			buildConfigurations = (
				5FAA68FF830A7D236E71A5BB /* Debug */,
				044A5F2AD9F8990FF8B167B1 /* Release */,
			);
			defaultConfigurationIsVisible = 0;
			defaultConfigurationName = Release;
		};
		684F35C2A981EFC09B3A1FB0 /* Build configuration list for PBXNativeTarget "GBAEmulatorTests" */ = {
			isa = XCConfigurationList;
			buildConfigurations = (
				B3A0BD03173060F1C357C85D /* Debug */,
				AC4221893217BCEBA1683D46 /* Release */,
			);
			defaultConfigurationIsVisible = 0;
			defaultConfigurationName = Release;
		};
		799631CB41B4F4CC46CD78AA /* Build configuration list for PBXProject "GBAEmulator" */ = {
			isa = XCConfigurationList;
			buildConfigurations = (
				D4DA20391519DFC3CE4C37B5 /* Debug */,
				A63F33E9E6BAE4E7BAEC7500 /* Release */,
			);
			defaultConfigurationIsVisible = 0;
			defaultConfigurationName = Release;
		};
/* End XCConfigurationList section */
	};
	rootObject = 1029434107E567F0686A98DB /* Project object */;
}
